
Microsoft Visual Studio Solution File, Format Version 12.00
# Visual Studio 15
VisualStudioVersion = 15.0.27703.2035
MinimumVisualStudioVersion = 10.0.40219.1
Project("{9A19103F-16F7-4668-BE54-9A1E7A4F7556}") = "SocialNetwork.Rest", "SocialNetwork.REST\SocialNetwork.Rest.csproj", "{EEC363F6-13AA-4EB9-863C-1386E8741390}"
EndProject
Project("{9A19103F-16F7-4668-BE54-9A1E7A4F7556}") = "SocialNetwork.DL.DM", "SocialNetwork.DL.DM\SocialNetwork.DL.DM.csproj", "{5C9959EC-95B1-42D7-B94F-1BFDAEA4E278}"
EndProject
Project("{FAE04EC0-301F-11D3-BF4B-00C04F79EFBC}") = "SocialNetwork.BL.BC", "SocialNetwork.BL.BC\SocialNetwork.BL.BC.csproj", "{30E3CDD3-4B12-4B1F-8288-3CEEA13ACE3F}"
EndProject
Global
	GlobalSection(SolutionConfigurationPlatforms) = preSolution
		Debug|Any CPU = Debug|Any CPU
		Release|Any CPU = Release|Any CPU
	EndGlobalSection
	GlobalSection(ProjectConfigurationPlatforms) = postSolution
		{EEC363F6-13AA-4EB9-863C-1386E8741390}.Debug|Any CPU.ActiveCfg = Debug|Any CPU
		{EEC363F6-13AA-4EB9-863C-1386E8741390}.Debug|Any CPU.Build.0 = Debug|Any CPU
		{EEC363F6-13AA-4EB9-863C-1386E8741390}.Release|Any CPU.ActiveCfg = Release|Any CPU
		{EEC363F6-13AA-4EB9-863C-1386E8741390}.Release|Any CPU.Build.0 = Release|Any CPU
		{5C9959EC-95B1-42D7-B94F-1BFDAEA4E278}.Debug|Any CPU.ActiveCfg = Debug|Any CPU
		{5C9959EC-95B1-42D7-B94F-1BFDAEA4E278}.Debug|Any CPU.Build.0 = Debug|Any CPU
		{5C9959EC-95B1-42D7-B94F-1BFDAEA4E278}.Release|Any CPU.ActiveCfg = Release|Any CPU
		{5C9959EC-95B1-42D7-B94F-1BFDAEA4E278}.Release|Any CPU.Build.0 = Release|Any CPU
		{30E3CDD3-4B12-4B1F-8288-3CEEA13ACE3F}.Debug|Any CPU.ActiveCfg = Debug|Any CPU
		{30E3CDD3-4B12-4B1F-8288-3CEEA13ACE3F}.Debug|Any CPU.Build.0 = Debug|Any CPU
		{30E3CDD3-4B12-4B1F-8288-3CEEA13ACE3F}.Release|Any CPU.ActiveCfg = Release|Any CPU
		{30E3CDD3-4B12-4B1F-8288-3CEEA13ACE3F}.Release|Any CPU.Build.0 = Release|Any CPU
	EndGlobalSection
	GlobalSection(SolutionProperties) = preSolution
		HideSolutionNode = FALSE
	EndGlobalSection
	GlobalSection(ExtensibilityGlobals) = postSolution
		SolutionGuid = {8A39B0EA-4AF9-4793-862D-3CD6CFD59E10}
	EndGlobalSection
EndGlobal
